
Microsoft Visual Studio Solution File, Format Version 12.00
# Visual Studio Version 16
VisualStudioVersion = 16.0.29519.87
MinimumVisualStudioVersion = 10.0.40219.1
Project("{FAE04EC0-301F-11D3-BF4B-00C04F79EFBC}") = "GrpcService", "GrpcService\GrpcService.csproj", "{D397C039-6336-4CD4-85FB-900CD05E140F}"
EndProject
Project("{FAE04EC0-301F-11D3-BF4B-00C04F79EFBC}") = "GrpcClient", "GrpcClient\GrpcClient.csproj", "{71CE8B6D-8F59-42AD-9776-4929B0F3DFFD}"
EndProject
Global
	GlobalSection(SolutionConfigurationPlatforms) = preSolution
		Debug|Any CPU = Debug|Any CPU
		Release|Any CPU = Release|Any CPU
	EndGlobalSection
	GlobalSection(ProjectConfigurationPlatforms) = postSolution
		{D397C039-6336-4CD4-85FB-900CD05E140F}.Debug|Any CPU.ActiveCfg = Debug|Any CPU
		{D397C039-6336-4CD4-85FB-900CD05E140F}.Debug|Any CPU.Build.0 = Debug|Any CPU
		{D397C039-6336-4CD4-85FB-900CD05E140F}.Release|Any CPU.ActiveCfg = Release|Any CPU
		{D397C039-6336-4CD4-85FB-900CD05E140F}.Release|Any CPU.Build.0 = Release|Any CPU
		{71CE8B6D-8F59-42AD-9776-4929B0F3DFFD}.Debug|Any CPU.ActiveCfg = Debug|Any CPU
		{71CE8B6D-8F59-42AD-9776-4929B0F3DFFD}.Debug|Any CPU.Build.0 = Debug|Any CPU
		{71CE8B6D-8F59-42AD-9776-4929B0F3DFFD}.Release|Any CPU.ActiveCfg = Release|Any CPU
		{71CE8B6D-8F59-42AD-9776-4929B0F3DFFD}.Release|Any CPU.Build.0 = Release|Any CPU
	EndGlobalSection
	GlobalSection(SolutionProperties) = preSolution
		HideSolutionNode = FALSE
	EndGlobalSection
	GlobalSection(ExtensibilityGlobals) = postSolution
		SolutionGuid = {936170EF-58E6-43F1-8EBE-31422CE8CBAD}
	EndGlobalSection
EndGlobal
